
Microsoft Visual Studio Solution File, Format Version 12.00
# Visual Studio Version 17
VisualStudioVersion = 17.3.32929.385
MinimumVisualStudioVersion = 10.0.40219.1
Project("{FAE04EC0-301F-11D3-BF4B-00C04F79EFBC}") = "MEVIO", "MEVIO\MEVIO.csproj", "{0F0084B1-54EE-4E5A-ABD8-347DE3C54BEB}"
EndProject
Global
	GlobalSection(SolutionConfigurationPlatforms) = preSolution
		Debug|Any CPU = Debug|Any CPU
		Release|Any CPU = Release|Any CPU
	EndGlobalSection
	GlobalSection(ProjectConfigurationPlatforms) = postSolution
		{0F0084B1-54EE-4E5A-ABD8-347DE3C54BEB}.Debug|Any CPU.ActiveCfg = Debug|Any CPU
		{0F0084B1-54EE-4E5A-ABD8-347DE3C54BEB}.Debug|Any CPU.Build.0 = Debug|Any CPU
		{0F0084B1-54EE-4E5A-ABD8-347DE3C54BEB}.Release|Any CPU.ActiveCfg = Release|Any CPU
		{0F0084B1-54EE-4E5A-ABD8-347DE3C54BEB}.Release|Any CPU.Build.0 = Release|Any CPU
	EndGlobalSection
	GlobalSection(SolutionProperties) = preSolution
		HideSolutionNode = FALSE
	EndGlobalSection
	GlobalSection(ExtensibilityGlobals) = postSolution
		SolutionGuid = {957B0644-16EE-40E7-A111-62CDC452C3F1}
	EndGlobalSection
EndGlobal
